
Microsoft Visual Studio Solution File, Format Version 12.00
# Visual Studio Version 17
VisualStudioVersion = 17.7.34202.233
MinimumVisualStudioVersion = 10.0.40219.1
Project("{8BC9CEB8-8B4A-11D0-8D11-00A0C91BC942}") = "NT1", "NT1.vcxproj", "{57CDFB6B-72D9-497E-8D98-220811D779E9}"
EndProject
Global
	GlobalSection(SolutionConfigurationPlatforms) = preSolution
		Debug|x64 = Debug|x64
		Release|x64 = Release|x64
	EndGlobalSection
	GlobalSection(ProjectConfigurationPlatforms) = postSolution
		{57CDFB6B-72D9-497E-8D98-220811D779E9}.Debug|x64.ActiveCfg = Debug|x64
		{57CDFB6B-72D9-497E-8D98-220811D779E9}.Debug|x64.Build.0 = Debug|x64
		{57CDFB6B-72D9-497E-8D98-220811D779E9}.Release|x64.ActiveCfg = Release|x64
		{57CDFB6B-72D9-497E-8D98-220811D779E9}.Release|x64.Build.0 = Release|x64
	EndGlobalSection
	GlobalSection(SolutionProperties) = preSolution
		HideSolutionNode = FALSE
	EndGlobalSection
	GlobalSection(ExtensibilityGlobals) = postSolution
		SolutionGuid = {30FE6E23-8DD2-4315-9E10-C33C22943957}
	EndGlobalSection
EndGlobal
